Microsoft Visual Studio Solution File, Format Version 11.00
# Visual Studio 2010
Project("{FAE04EC0-301F-11D3-BF4B-00C04F79EFBC}") = "E5101", "E5101\E5101.csproj", "{DAB763ED-E13D-49BE-84F9-2446F1282EB5}"
EndProject
Global
	GlobalSection(SolutionConfigurationPlatforms) = preSolution
		Debug|Any CPU = Debug|Any CPU
		Release|Any CPU = Release|Any CPU
	EndGlobalSection
	GlobalSection(ProjectConfigurationPlatforms) = postSolution
		{DAB763ED-E13D-49BE-84F9-2446F1282EB5}.Debug|Any CPU.ActiveCfg = Debug|Any CPU
		{DAB763ED-E13D-49BE-84F9-2446F1282EB5}.Debug|Any CPU.Build.0 = Debug|Any CPU
		{DAB763ED-E13D-49BE-84F9-2446F1282EB5}.Release|Any CPU.ActiveCfg = Release|Any CPU
		{DAB763ED-E13D-49BE-84F9-2446F1282EB5}.Release|Any CPU.Build.0 = Release|Any CPU
	EndGlobalSection
	GlobalSection(SolutionProperties) = preSolution
		HideSolutionNode = FALSE
	EndGlobalSection
EndGlobal
